
Microsoft Visual Studio Solution File, Format Version 12.00
# Visual Studio 14
VisualStudioVersion = 14.0.25420.1
MinimumVisualStudioVersion = 10.0.40219.1
Project("{CC5FD16D-436D-48AD-A40C-5A424C6E3E79}") = "MeetingScreenShotsBot", "MeetingScreenShotsBot.ccproj", "{CCD83013-9504-4716-ABFB-59881139A531}"
	ProjectSection(ProjectDependencies) = postProject
		{E0FC03A1-FD3C-43BD-BAA0-1AA418EC6DCB} = {E0FC03A1-FD3C-43BD-BAA0-1AA418EC6DCB}
	EndProjectSection
EndProject
Project("{FAE04EC0-301F-11D3-BF4B-00C04F79EFBC}") = "WorkerRole", "WorkerRole\WorkerRole.csproj", "{DCB04B51-8726-4762-AE57-FACC1D112C99}"
EndProject
Project("{FAE04EC0-301F-11D3-BF4B-00C04F79EFBC}") = "FrontEnd", "FrontEnd\FrontEnd.csproj", "{E0FC03A1-FD3C-43BD-BAA0-1AA418EC6DCB}"
EndProject
Global
	GlobalSection(SolutionConfigurationPlatforms) = preSolution
		Debug|x64 = Debug|x64
		Release|x64 = Release|x64
	EndGlobalSection
	GlobalSection(ProjectConfigurationPlatforms) = postSolution
		{CCD83013-9504-4716-ABFB-59881139A531}.Debug|x64.ActiveCfg = Debug|Any CPU
		{CCD83013-9504-4716-ABFB-59881139A531}.Debug|x64.Build.0 = Debug|Any CPU
		{CCD83013-9504-4716-ABFB-59881139A531}.Release|x64.ActiveCfg = Release|Any CPU
		{CCD83013-9504-4716-ABFB-59881139A531}.Release|x64.Build.0 = Release|Any CPU
		{DCB04B51-8726-4762-AE57-FACC1D112C99}.Debug|x64.ActiveCfg = Debug|x64
		{DCB04B51-8726-4762-AE57-FACC1D112C99}.Debug|x64.Build.0 = Debug|x64
		{DCB04B51-8726-4762-AE57-FACC1D112C99}.Release|x64.ActiveCfg = Release|x64
		{DCB04B51-8726-4762-AE57-FACC1D112C99}.Release|x64.Build.0 = Release|x64
		{E0FC03A1-FD3C-43BD-BAA0-1AA418EC6DCB}.Debug|x64.ActiveCfg = Debug|x64
		{E0FC03A1-FD3C-43BD-BAA0-1AA418EC6DCB}.Debug|x64.Build.0 = Debug|x64
		{E0FC03A1-FD3C-43BD-BAA0-1AA418EC6DCB}.Release|x64.ActiveCfg = Release|x64
		{E0FC03A1-FD3C-43BD-BAA0-1AA418EC6DCB}.Release|x64.Build.0 = Release|x64
	EndGlobalSection
	GlobalSection(SolutionProperties) = preSolution
		HideSolutionNode = FALSE
	EndGlobalSection
EndGlobal
