
Microsoft Visual Studio Solution File, Format Version 12.00
# Visual Studio 15
VisualStudioVersion = 15.0.26430.14
MinimumVisualStudioVersion = 10.0.40219.1
Project("{FAE04EC0-301F-11D3-BF4B-00C04F79EFBC}") = "Microsoft.Bot.Builder.RealTimeMediaCalling", "Library\Microsoft.Bot.Builder.RealTimeMediaCalling\Microsoft.Bot.Builder.RealTimeMediaCalling.csproj", "{F1BFB900-F608-44BA-8A04-FDF5EC27EC1C}"
EndProject
Project("{FAE04EC0-301F-11D3-BF4B-00C04F79EFBC}") = "Microsoft.Bot.Builder.RealTimeMediaCalling.Tests", "Library\Microsoft.Bot.Builder.RealTimeMediaCalling.Tests\Microsoft.Bot.Builder.RealTimeMediaCalling.Tests.csproj", "{678587EB-03D2-4E26-BEC7-E19650E1A645}"
EndProject
Global
	GlobalSection(SolutionConfigurationPlatforms) = preSolution
		Debug|Any CPU = Debug|Any CPU
		Debug|x64 = Debug|x64
		Release|Any CPU = Release|Any CPU
		Release|x64 = Release|x64
	EndGlobalSection
	GlobalSection(ProjectConfigurationPlatforms) = postSolution
		{F1BFB900-F608-44BA-8A04-FDF5EC27EC1C}.Debug|Any CPU.ActiveCfg = Debug|Any CPU
		{F1BFB900-F608-44BA-8A04-FDF5EC27EC1C}.Debug|Any CPU.Build.0 = Debug|Any CPU
		{F1BFB900-F608-44BA-8A04-FDF5EC27EC1C}.Debug|x64.ActiveCfg = Debug|Any CPU
		{F1BFB900-F608-44BA-8A04-FDF5EC27EC1C}.Debug|x64.Build.0 = Debug|Any CPU
		{F1BFB900-F608-44BA-8A04-FDF5EC27EC1C}.Release|Any CPU.ActiveCfg = Release|Any CPU
		{F1BFB900-F608-44BA-8A04-FDF5EC27EC1C}.Release|Any CPU.Build.0 = Release|Any CPU
		{F1BFB900-F608-44BA-8A04-FDF5EC27EC1C}.Release|x64.ActiveCfg = Release|Any CPU
		{F1BFB900-F608-44BA-8A04-FDF5EC27EC1C}.Release|x64.Build.0 = Release|Any CPU
		{678587EB-03D2-4E26-BEC7-E19650E1A645}.Debug|Any CPU.ActiveCfg = Debug|Any CPU
		{678587EB-03D2-4E26-BEC7-E19650E1A645}.Debug|Any CPU.Build.0 = Debug|Any CPU
		{678587EB-03D2-4E26-BEC7-E19650E1A645}.Debug|x64.ActiveCfg = Debug|Any CPU
		{678587EB-03D2-4E26-BEC7-E19650E1A645}.Debug|x64.Build.0 = Debug|Any CPU
		{678587EB-03D2-4E26-BEC7-E19650E1A645}.Release|Any CPU.ActiveCfg = Release|Any CPU
		{678587EB-03D2-4E26-BEC7-E19650E1A645}.Release|Any CPU.Build.0 = Release|Any CPU
		{678587EB-03D2-4E26-BEC7-E19650E1A645}.Release|x64.ActiveCfg = Release|Any CPU
		{678587EB-03D2-4E26-BEC7-E19650E1A645}.Release|x64.Build.0 = Release|Any CPU
	EndGlobalSection
	GlobalSection(SolutionProperties) = preSolution
		HideSolutionNode = FALSE
	EndGlobalSection
EndGlobal
